# THIS IS AN AUTOGENERATED FILE. DO NOT EDIT THIS FILE DIRECTLY.
# yarn lockfile v1


typescript@^3.2.0-dev.20181010:
  version "3.2.0-dev.20181010"
  resolved "https://registry.yarnpkg.com/typescript/-/typescript-3.2.0-dev.20181010.tgz#97cef66be35bc93fc2c118823e6d6c367d985897"
  integrity sha512-LRrLTy4i3jluXTML/3RirE3mMRO7jsr6OfNiuFMJa1Sp5ZNbY+bowuWUrWn0c/0XKb/IZOBywEL4Fwdm52/YmQ==
