# THIS IS AN AUTOGENERATED FILE. DO NOT EDIT THIS FILE DIRECTLY.
# yarn lockfile v1


typescript@^3.2.0-dev.20181017:
  version "3.2.0-dev.20181017"
  resolved "https://registry.yarnpkg.com/typescript/-/typescript-3.2.0-dev.20181017.tgz#5d07b1051ade4f41a0ec197df7e38ac48c01d05b"
  integrity sha512-NwwjGaKjzZREqOAwtz4l3cOD2GqTh6+Nz1ddhDiAR2SGwpWSIHj2//EBkJSO+MuhnlZ52rNGVZl3UIEsOTeE2w==
